
Microsoft Visual Studio Solution File, Format Version 12.00
# Visual Studio Version 16
VisualStudioVersion = 16.0.30320.27
MinimumVisualStudioVersion = 10.0.40219.1
Project("{9A19103F-16F7-4668-BE54-9A1E7A4F7556}") = "SportsStore", "SportsStore\SportsStore.csproj", "{3B7EFD63-CAF0-4F9A-A20E-AE76F2EE7101}"
EndProject
Global
	GlobalSection(SolutionConfigurationPlatforms) = preSolution
		Debug|Any CPU = Debug|Any CPU
		Release|Any CPU = Release|Any CPU
	EndGlobalSection
	GlobalSection(ProjectConfigurationPlatforms) = postSolution
		{3B7EFD63-CAF0-4F9A-A20E-AE76F2EE7101}.Debug|Any CPU.ActiveCfg = Debug|Any CPU
		{3B7EFD63-CAF0-4F9A-A20E-AE76F2EE7101}.Debug|Any CPU.Build.0 = Debug|Any CPU
		{3B7EFD63-CAF0-4F9A-A20E-AE76F2EE7101}.Release|Any CPU.ActiveCfg = Release|Any CPU
		{3B7EFD63-CAF0-4F9A-A20E-AE76F2EE7101}.Release|Any CPU.Build.0 = Release|Any CPU
	EndGlobalSection
	GlobalSection(SolutionProperties) = preSolution
		HideSolutionNode = FALSE
	EndGlobalSection
	GlobalSection(ExtensibilityGlobals) = postSolution
		SolutionGuid = {AFD81DA8-C808-4551-A48B-5F6247ED39D9}
	EndGlobalSection
EndGlobal
